lockfileVersion: '9.0'

settings:
  autoInstallPeers: true
  excludeLinksFromLockfile: false

importers:

  .:
    dependencies:
      impit:
        specifier: 0.14.5
        version: 0.14.5

packages:

  impit-darwin-arm64@0.14.5:
    resolution: {integrity: sha512-9B2fc/GLfb14SgIB6fK1zIgMsXPjCu14Xu9hudSyrZF+ue6XaJXFF/G1BS27FtDFdPAYAeUTReFOJBrglteYKg==}
    engines: {node: '>= 10'}
    cpu: [arm64]
    os: [darwin]

  impit-darwin-x64@0.14.5:
    resolution: {integrity: sha512-EBH6H6SSRuMpw85/n+luT0EcbNbp6vQpUaEywH4bM2bk/xy8y6JN25O/Mzxa4YGUauoytmMqXs0kDzU5lxEjaA==}
    engines: {node: '>= 10'}
    cpu: [x64]
    os: [darwin]

  impit-linux-arm64-gnu@0.14.5:
    resolution: {integrity: sha512-K7gB/KiekPZ+rDoFZqbBf1jROOHibZneGmM0lt/5xcn2lO+7e9GgArdPFj6sh4fvhtOckXxEc1ExpZP+lDy3Cg==}
    engines: {node: '>= 10'}
    cpu: [arm64]
    os: [linux]
    libc: [glibc]

  impit-linux-arm64-musl@0.14.5:
    resolution: {integrity: sha512-QvjBwjYu1LXP+ota94z9fThRZjH75/Bai36eHvXUTiiFyesRRsmClc72ReyyaarnNNjcsl2RActqFMDrx77DXg==}
    engines: {node: '>= 10'}
    cpu: [arm64]
    os: [linux]
    libc: [musl]

  impit-linux-x64-gnu@0.14.5:
    resolution: {integrity: sha512-+8hErR5H3+4N9r4vf5Cz6cSe57n/0zh5ksHBu2H9i5pENcM/VBRJ5qU5a3YjQwN4Ohtw/ROHBLF6V99eXUzThA==}
    engines: {node: '>= 10'}
    cpu: [x64]
    os: [linux]
    libc: [glibc]

  impit-linux-x64-musl@0.14.5:
    resolution: {integrity: sha512-e6526hjfX8BV3XNhB1V7Xd3dJIEbLEwudZagwt4XdLqKcxHsU0iYnUyTJCogSQeEtZFepCSKUnGeg/r2lzxHow==}
    engines: {node: '>= 10'}
    cpu: [x64]
    os: [linux]
    libc: [musl]

  impit-win32-arm64-msvc@0.14.5:
    resolution: {integrity: sha512-cABSwp3T1kNNp7++nyE8OlRuq8q9Cis3bWRHJjnTncfJ+NQlY0z1z3aLrI9ii1vvinCurCEWASuTptVSor5U1g==}
    engines: {node: '>= 10'}
    cpu: [arm64]
    os: [win32]

  impit-win32-x64-msvc@0.14.5:
    resolution: {integrity: sha512-JvjNkJ3mSB9nf74Ftdlr+KNxCC0EOAH6KUfEUqWRrGEnniIaUOMknxQw56Gbk7Zr1/e5eAOwxS/EBlASp6Yj4w==}
    engines: {node: '>= 10'}
    cpu: [x64]
    os: [win32]

  impit@0.14.5:
    resolution: {integrity: sha512-MzoDiPBL5+QI5IEro4VDgZdm0BPY0LIf8tUykEFDjEI8NrjRL/qiiCqg4GDlIg5UbJzrKwCdvIgpRRArbbu7Dg==}
    engines: {node: '>= 20'}

snapshots:

  impit-darwin-arm64@0.14.5:
    optional: true

  impit-darwin-x64@0.14.5:
    optional: true

  impit-linux-arm64-gnu@0.14.5:
    optional: true

  impit-linux-arm64-musl@0.14.5:
    optional: true

  impit-linux-x64-gnu@0.14.5:
    optional: true

  impit-linux-x64-musl@0.14.5:
    optional: true

  impit-win32-arm64-msvc@0.14.5:
    optional: true

  impit-win32-x64-msvc@0.14.5:
    optional: true

  impit@0.14.5:
    optionalDependencies:
      impit-darwin-arm64: 0.14.5
      impit-darwin-x64: 0.14.5
      impit-linux-arm64-gnu: 0.14.5
      impit-linux-arm64-musl: 0.14.5
      impit-linux-x64-gnu: 0.14.5
      impit-linux-x64-musl: 0.14.5
      impit-win32-arm64-msvc: 0.14.5
      impit-win32-x64-msvc: 0.14.5
